// !$*UTF8*$!
{
	archiveVersion = 1;
	classes = {
	};
	objectVersion = 77;
	objects = {

/* Begin PBXBuildFile section */
		9055372C2D10804F00CEE7F8 /* WidgetKit.framework in Frameworks */ = {isa = PBXBuildFile; fileRef = 9055372B2D10804E00CEE7F8 /* WidgetKit.framework */; };
		9055372E2D10804F00CEE7F8 /* SwiftUI.framework in Frameworks */ = {isa = PBXBuildFile; fileRef = 9055372D2D10804F00CEE7F8 /* SwiftUI.framework */; };
		905537392D10805C00CEE7F8 /* StepCounterWidgetExtension.appex in Embed Foundation Extensions */ = {isa = PBXBuildFile; fileRef = 9055372A2D10804E00CEE7F8 /* StepCounterWidgetExtension.appex */; settings = {ATTRIBUTES = (RemoveHeadersOnCopy, ); }; };
		905537402D10807200CEE7F8 /* Steps in Frameworks */ = {isa = PBXBuildFile; productRef = 9055373F2D10807200CEE7F8 /* Steps */; };
		90CB8F032D072299002A143A /* Steps in Frameworks */ = {isa = PBXBuildFile; productRef = 90CB8F022D072299002A143A /* Steps */; };
/* End PBXBuildFile section */

/* Begin PBXContainerItemProxy section */
		905537372D10805C00CEE7F8 /* PBXContainerItemProxy */ = {
			isa = PBXContainerItemProxy;
			containerPortal = 900E8D592D02EF3800B62EF0 /* Project object */;
			proxyType = 1;
			remoteGlobalIDString = 905537292D10804E00CEE7F8;
			remoteInfo = StepCounterWidgetExtension;
		};
/* End PBXContainerItemProxy section */

/* Begin PBXCopyFilesBuildPhase section */
		9055373E2D10805C00CEE7F8 /* Embed Foundation Extensions */ = {
			isa = PBXCopyFilesBuildPhase;
			buildActionMask = 2147483647;
			dstPath = "";
			dstSubfolderSpec = 13;
			files = (
				905537392D10805C00CEE7F8 /* StepCounterWidgetExtension.appex in Embed Foundation Extensions */,
			);
			name = "Embed Foundation Extensions";
			runOnlyForDeploymentPostprocessing = 0;
		};
/* End PBXCopyFilesBuildPhase section */

/* Begin PBXFileReference section */
		900E8D612D02EF3800B62EF0 /* StepCounter.app */ = {isa = PBXFileReference; explicitFileType = wrapper.application; includeInIndex = 0; path = StepCounter.app; sourceTree = BUILT_PRODUCTS_DIR; };
		9055372A2D10804E00CEE7F8 /* StepCounterWidgetExtension.appex */ = {isa = PBXFileReference; explicitFileType = "wrapper.app-extension"; includeInIndex = 0; path = StepCounterWidgetExtension.appex; sourceTree = BUILT_PRODUCTS_DIR; };
		9055372B2D10804E00CEE7F8 /* WidgetKit.framework */ = {isa = PBXFileReference; lastKnownFileType = wrapper.framework; name = WidgetKit.framework; path = System/Library/Frameworks/WidgetKit.framework; sourceTree = SDKROOT; };
		9055372D2D10804F00CEE7F8 /* SwiftUI.framework */ = {isa = PBXFileReference; lastKnownFileType = wrapper.framework; name = SwiftUI.framework; path = System/Library/Frameworks/SwiftUI.framework; sourceTree = SDKROOT; };
		90CB8E832D071FF3002A143A /* Steps */ = {isa = PBXFileReference; lastKnownFileType = wrapper; path = Steps; sourceTree = "<group>"; };
		90E168742D11853A00B59A15 /* StepCounterWidgetExtension.entitlements */ = {isa = PBXFileReference; lastKnownFileType = text.plist.entitlements; path = StepCounterWidgetExtension.entitlements; sourceTree = "<group>"; };
/* End PBXFileReference section */

/* Begin PBXFileSystemSynchronizedBuildFileExceptionSet section */
		900E8D812D02F69700B62EF0 /* Exceptions for "StepCounter" folder in "StepCounter" target */ = {
			isa = PBXFileSystemSynchronizedBuildFileExceptionSet;
			membershipExceptions = (
				Info.plist,
			);
			target = 900E8D602D02EF3800B62EF0 /* StepCounter */;
		};
		9055373D2D10805C00CEE7F8 /* Exceptions for "StepCounterWidget" folder in "StepCounterWidgetExtension" target */ = {
			isa = PBXFileSystemSynchronizedBuildFileExceptionSet;
			membershipExceptions = (
				Info.plist,
			);
			target = 905537292D10804E00CEE7F8 /* StepCounterWidgetExtension */;
		};
/* End PBXFileSystemSynchronizedBuildFileExceptionSet section */

/* Begin PBXFileSystemSynchronizedRootGroup section */
		900E8D632D02EF3800B62EF0 /* StepCounter */ = {
			isa = PBXFileSystemSynchronizedRootGroup;
			exceptions = (
				900E8D812D02F69700B62EF0 /* Exceptions for "StepCounter" folder in "StepCounter" target */,
			);
			path = StepCounter;
			sourceTree = "<group>";
		};
		9055372F2D10804F00CEE7F8 /* StepCounterWidget */ = {
			isa = PBXFileSystemSynchronizedRootGroup;
			exceptions = (
				9055373D2D10805C00CEE7F8 /* Exceptions for "StepCounterWidget" folder in "StepCounterWidgetExtension" target */,
			);
			path = StepCounterWidget;
			sourceTree = "<group>";
		};
/* End PBXFileSystemSynchronizedRootGroup section */

/* Begin PBXFrameworksBuildPhase section */
		900E8D5E2D02EF3800B62EF0 /* Frameworks */ = {
			isa = PBXFrameworksBuildPhase;
			buildActionMask = 2147483647;
			files = (
				90CB8F032D072299002A143A /* Steps in Frameworks */,
			);
			runOnlyForDeploymentPostprocessing = 0;
		};
		905537272D10804E00CEE7F8 /* Frameworks */ = {
			isa = PBXFrameworksBuildPhase;
			buildActionMask = 2147483647;
			files = (
				905537402D10807200CEE7F8 /* Steps in Frameworks */,
				9055372E2D10804F00CEE7F8 /* SwiftUI.framework in Frameworks */,
				9055372C2D10804F00CEE7F8 /* WidgetKit.framework in Frameworks */,
			);
			runOnlyForDeploymentPostprocessing = 0;
		};
/* End PBXFrameworksBuildPhase section */

/* Begin PBXGroup section */
		900E8D582D02EF3800B62EF0 = {
			isa = PBXGroup;
			children = (
				90E168742D11853A00B59A15 /* StepCounterWidgetExtension.entitlements */,
				900E8D632D02EF3800B62EF0 /* StepCounter */,
				9055372F2D10804F00CEE7F8 /* StepCounterWidget */,
				90E9F3502D071D710012048F /* Frameworks */,
				900E8D622D02EF3800B62EF0 /* Products */,
				90CB8E832D071FF3002A143A /* Steps */,
			);
			sourceTree = "<group>";
		};
		900E8D622D02EF3800B62EF0 /* Products */ = {
			isa = PBXGroup;
			children = (
				900E8D612D02EF3800B62EF0 /* StepCounter.app */,
				9055372A2D10804E00CEE7F8 /* StepCounterWidgetExtension.appex */,
			);
			name = Products;
			sourceTree = "<group>";
		};
		90E9F3502D071D710012048F /* Frameworks */ = {
			isa = PBXGroup;
			children = (
				9055372B2D10804E00CEE7F8 /* WidgetKit.framework */,
				9055372D2D10804F00CEE7F8 /* SwiftUI.framework */,
			);
			name = Frameworks;
			sourceTree = "<group>";
		};
/* End PBXGroup section */

/* Begin PBXNativeTarget section */
		900E8D602D02EF3800B62EF0 /* StepCounter */ = {
			isa = PBXNativeTarget;
			buildConfigurationList = 900E8D6F2D02EF4400B62EF0 /* Build configuration list for PBXNativeTarget "StepCounter" */;
			buildPhases = (
				900E8D5D2D02EF3800B62EF0 /* Sources */,
				900E8D5E2D02EF3800B62EF0 /* Frameworks */,
				900E8D5F2D02EF3800B62EF0 /* Resources */,
				9055373E2D10805C00CEE7F8 /* Embed Foundation Extensions */,
			);
			buildRules = (
			);
			dependencies = (
				905537382D10805C00CEE7F8 /* PBXTargetDependency */,
			);
			fileSystemSynchronizedGroups = (
				900E8D632D02EF3800B62EF0 /* StepCounter */,
			);
			name = StepCounter;
			packageProductDependencies = (
				90CB8F022D072299002A143A /* Steps */,
			);
			productName = StepCounter;
			productReference = 900E8D612D02EF3800B62EF0 /* StepCounter.app */;
			productType = "com.apple.product-type.application";
		};
		905537292D10804E00CEE7F8 /* StepCounterWidgetExtension */ = {
			isa = PBXNativeTarget;
			buildConfigurationList = 9055373A2D10805C00CEE7F8 /* Build configuration list for PBXNativeTarget "StepCounterWidgetExtension" */;
			buildPhases = (
				905537262D10804E00CEE7F8 /* Sources */,
				905537272D10804E00CEE7F8 /* Frameworks */,
				905537282D10804E00CEE7F8 /* Resources */,
			);
			buildRules = (
			);
			dependencies = (
			);
			fileSystemSynchronizedGroups = (
				9055372F2D10804F00CEE7F8 /* StepCounterWidget */,
			);
			name = StepCounterWidgetExtension;
			packageProductDependencies = (
				9055373F2D10807200CEE7F8 /* Steps */,
			);
			productName = StepCounterWidgetExtension;
			productReference = 9055372A2D10804E00CEE7F8 /* StepCounterWidgetExtension.appex */;
			productType = "com.apple.product-type.app-extension";
		};
/* End PBXNativeTarget section */

/* Begin PBXProject section */
		900E8D592D02EF3800B62EF0 /* Project object */ = {
			isa = PBXProject;
			attributes = {
				BuildIndependentTargetsInParallel = 1;
				LastSwiftUpdateCheck = 1620;
				LastUpgradeCheck = 1610;
				TargetAttributes = {
					900E8D602D02EF3800B62EF0 = {
						CreatedOnToolsVersion = 16.1;
					};
					905537292D10804E00CEE7F8 = {
						CreatedOnToolsVersion = 16.2;
					};
				};
			};
			buildConfigurationList = 900E8D5C2D02EF3800B62EF0 /* Build configuration list for PBXProject "StepCounter" */;
			developmentRegion = en;
			hasScannedForEncodings = 0;
			knownRegions = (
				en,
				Base,
			);
			mainGroup = 900E8D582D02EF3800B62EF0;
			minimizedProjectReferenceProxies = 1;
			preferredProjectObjectVersion = 77;
			productRefGroup = 900E8D622D02EF3800B62EF0 /* Products */;
			projectDirPath = "";
			projectRoot = "";
			targets = (
				900E8D602D02EF3800B62EF0 /* StepCounter */,
				905537292D10804E00CEE7F8 /* StepCounterWidgetExtension */,
			);
		};
/* End PBXProject section */

/* Begin PBXResourcesBuildPhase section */
		900E8D5F2D02EF3800B62EF0 /* Resources */ = {
			isa = PBXResourcesBuildPhase;
			buildActionMask = 2147483647;
			files = (
			);
			runOnlyForDeploymentPostprocessing = 0;
		};
		905537282D10804E00CEE7F8 /* Resources */ = {
			isa = PBXResourcesBuildPhase;
			buildActionMask = 2147483647;
			files = (
			);
			runOnlyForDeploymentPostprocessing = 0;
		};
/* End PBXResourcesBuildPhase section */

/* Begin PBXSourcesBuildPhase section */
		900E8D5D2D02EF3800B62EF0 /* Sources */ = {
			isa = PBXSourcesBuildPhase;
			buildActionMask = 2147483647;
			files = (
			);
			runOnlyForDeploymentPostprocessing = 0;
		};
		905537262D10804E00CEE7F8 /* Sources */ = {
			isa = PBXSourcesBuildPhase;
			buildActionMask = 2147483647;
			files = (
			);
			runOnlyForDeploymentPostprocessing = 0;
		};
/* End PBXSourcesBuildPhase section */

/* Begin PBXTargetDependency section */
		905537382D10805C00CEE7F8 /* PBXTargetDependency */ = {
			isa = PBXTargetDependency;
			target = 905537292D10804E00CEE7F8 /* StepCounterWidgetExtension */;
			targetProxy = 905537372D10805C00CEE7F8 /* PBXContainerItemProxy */;
		};
/* End PBXTargetDependency section */

/* Begin XCBuildConfiguration section */
		900E8D6D2D02EF4400B62EF0 /* Debug */ = {
			isa = XCBuildConfiguration;
			buildSettings = {
				ALWAYS_SEARCH_USER_PATHS = NO;
				ASSETCATALOG_COMPILER_GENERATE_SWIFT_ASSET_SYMBOL_EXTENSIONS = YES;
				CLANG_ANALYZER_NONNULL = YES;
				CLANG_ANALYZER_NUMBER_OBJECT_CONVERSION = YES_AGGRESSIVE;
				CLANG_CXX_LANGUAGE_STANDARD = "gnu++20";
				CLANG_ENABLE_MODULES = YES;
				CLANG_ENABLE_OBJC_ARC = YES;
				CLANG_ENABLE_OBJC_WEAK = YES;
				CLANG_WARN_BLOCK_CAPTURE_AUTORELEASING = YES;
				CLANG_WARN_BOOL_CONVERSION = YES;
				CLANG_WARN_COMMA = YES;
				CLANG_WARN_CONSTANT_CONVERSION = YES;
				CLANG_WARN_DEPRECATED_OBJC_IMPLEMENTATIONS = YES;
				CLANG_WARN_DIRECT_OBJC_ISA_USAGE = YES_ERROR;
				CLANG_WARN_DOCUMENTATION_COMMENTS = YES;
				CLANG_WARN_EMPTY_BODY = YES;
				CLANG_WARN_ENUM_CONVERSION = YES;
				CLANG_WARN_INFINITE_RECURSION = YES;
				CLANG_WARN_INT_CONVERSION = YES;
				CLANG_WARN_NON_LITERAL_NULL_CONVERSION = YES;
				CLANG_WARN_OBJC_IMPLICIT_RETAIN_SELF = YES;
				CLANG_WARN_OBJC_LITERAL_CONVERSION = YES;
				CLANG_WARN_OBJC_ROOT_CLASS = YES_ERROR;
				CLANG_WARN_QUOTED_INCLUDE_IN_FRAMEWORK_HEADER = YES;
				CLANG_WARN_RANGE_LOOP_ANALYSIS = YES;
				CLANG_WARN_STRICT_PROTOTYPES = YES;
				CLANG_WARN_SUSPICIOUS_MOVE = YES;
				CLANG_WARN_UNGUARDED_AVAILABILITY = YES_AGGRESSIVE;
				CLANG_WARN_UNREACHABLE_CODE = YES;
				CLANG_WARN__DUPLICATE_METHOD_MATCH = YES;
				COPY_PHASE_STRIP = NO;
				DEBUG_INFORMATION_FORMAT = dwarf;
				ENABLE_STRICT_OBJC_MSGSEND = YES;
				ENABLE_TESTABILITY = YES;
				ENABLE_USER_SCRIPT_SANDBOXING = YES;
				GCC_C_LANGUAGE_STANDARD = gnu17;
				GCC_DYNAMIC_NO_PIC = NO;
				GCC_NO_COMMON_BLOCKS = YES;
				GCC_OPTIMIZATION_LEVEL = 0;
				GCC_PREPROCESSOR_DEFINITIONS = (
					"DEBUG=1",
					"$(inherited)",
				);
				GCC_WARN_64_TO_32_BIT_CONVERSION = YES;
				GCC_WARN_ABOUT_RETURN_TYPE = YES_ERROR;
				GCC_WARN_UNDECLARED_SELECTOR = YES;
				GCC_WARN_UNINITIALIZED_AUTOS = YES_AGGRESSIVE;
				GCC_WARN_UNUSED_FUNCTION = YES;
				GCC_WARN_UNUSED_VARIABLE = YES;
				IPHONEOS_DEPLOYMENT_TARGET = 18.1;
				LOCALIZATION_PREFERS_STRING_CATALOGS = YES;
				MTL_ENABLE_DEBUG_INFO = INCLUDE_SOURCE;
				MTL_FAST_MATH = YES;
				ONLY_ACTIVE_ARCH = YES;
				SDKROOT = iphoneos;
				SWIFT_ACTIVE_COMPILATION_CONDITIONS = "DEBUG $(inherited)";
				SWIFT_OPTIMIZATION_LEVEL = "-Onone";
			};
			name = Debug;
		};
		900E8D6E2D02EF4400B62EF0 /* Release */ = {
			isa = XCBuildConfiguration;
			buildSettings = {
				ALWAYS_SEARCH_USER_PATHS = NO;
				ASSETCATALOG_COMPILER_GENERATE_SWIFT_ASSET_SYMBOL_EXTENSIONS = YES;
				CLANG_ANALYZER_NONNULL = YES;
				CLANG_ANALYZER_NUMBER_OBJECT_CONVERSION = YES_AGGRESSIVE;
				CLANG_CXX_LANGUAGE_STANDARD = "gnu++20";
				CLANG_ENABLE_MODULES = YES;
				CLANG_ENABLE_OBJC_ARC = YES;
				CLANG_ENABLE_OBJC_WEAK = YES;
				CLANG_WARN_BLOCK_CAPTURE_AUTORELEASING = YES;
				CLANG_WARN_BOOL_CONVERSION = YES;
				CLANG_WARN_COMMA = YES;
				CLANG_WARN_CONSTANT_CONVERSION = YES;
				CLANG_WARN_DEPRECATED_OBJC_IMPLEMENTATIONS = YES;
				CLANG_WARN_DIRECT_OBJC_ISA_USAGE = YES_ERROR;
				CLANG_WARN_DOCUMENTATION_COMMENTS = YES;
				CLANG_WARN_EMPTY_BODY = YES;
				CLANG_WARN_ENUM_CONVERSION = YES;
				CLANG_WARN_INFINITE_RECURSION = YES;
				CLANG_WARN_INT_CONVERSION = YES;
				CLANG_WARN_NON_LITERAL_NULL_CONVERSION = YES;
				CLANG_WARN_OBJC_IMPLICIT_RETAIN_SELF = YES;
				CLANG_WARN_OBJC_LITERAL_CONVERSION = YES;
				CLANG_WARN_OBJC_ROOT_CLASS = YES_ERROR;
				CLANG_WARN_QUOTED_INCLUDE_IN_FRAMEWORK_HEADER = YES;
				CLANG_WARN_RANGE_LOOP_ANALYSIS = YES;
				CLANG_WARN_STRICT_PROTOTYPES = YES;
				CLANG_WARN_SUSPICIOUS_MOVE = YES;
				CLANG_WARN_UNGUARDED_AVAILABILITY = YES_AGGRESSIVE;
				CLANG_WARN_UNREACHABLE_CODE = YES;
				CLANG_WARN__DUPLICATE_METHOD_MATCH = YES;
				COPY_PHASE_STRIP = NO;
				DEBUG_INFORMATION_FORMAT = "dwarf-with-dsym";
				ENABLE_NS_ASSERTIONS = NO;
				ENABLE_STRICT_OBJC_MSGSEND = YES;
				ENABLE_USER_SCRIPT_SANDBOXING = YES;
				GCC_C_LANGUAGE_STANDARD = gnu17;
				GCC_NO_COMMON_BLOCKS = YES;
				GCC_WARN_64_TO_32_BIT_CONVERSION = YES;
				GCC_WARN_ABOUT_RETURN_TYPE = YES_ERROR;
				GCC_WARN_UNDECLARED_SELECTOR = YES;
				GCC_WARN_UNINITIALIZED_AUTOS = YES_AGGRESSIVE;
				GCC_WARN_UNUSED_FUNCTION = YES;
				GCC_WARN_UNUSED_VARIABLE = YES;
				IPHONEOS_DEPLOYMENT_TARGET = 18.1;
				LOCALIZATION_PREFERS_STRING_CATALOGS = YES;
				MTL_ENABLE_DEBUG_INFO = NO;
				MTL_FAST_MATH = YES;
				SDKROOT = iphoneos;
				SWIFT_COMPILATION_MODE = wholemodule;
				VALIDATE_PRODUCT = YES;
			};
			name = Release;
		};
		900E8D702D02EF4400B62EF0 /* Debug */ = {
			isa = XCBuildConfiguration;
			buildSettings = {
				ASSETCATALOG_COMPILER_APPICON_NAME = AppIcon;
				ASSETCATALOG_COMPILER_GLOBAL_ACCENT_COLOR_NAME = AccentColor;
				CODE_SIGN_ENTITLEMENTS = StepCounter/StepCounter.entitlements;
				CODE_SIGN_STYLE = Automatic;
				CURRENT_PROJECT_VERSION = 1;
				DEVELOPMENT_ASSET_PATHS = "\"StepCounter/Preview Content\"";
				DEVELOPMENT_TEAM = UK8C6R7QKR;
				ENABLE_PREVIEWS = YES;
				GENERATE_INFOPLIST_FILE = YES;
				INFOPLIST_FILE = StepCounter/Info.plist;
				INFOPLIST_KEY_NSHealthShareUsageDescription = "We use Health data to display your activity metrics in the app.";
				INFOPLIST_KEY_NSHealthUpdateUsageDescription = "We use Health data to track your step count and activity progress.";
				INFOPLIST_KEY_UIApplicationSupportsIndirectInputEvents = YES;
				INFOPLIST_KEY_UILaunchScreen_Generation = YES;
				INFOPLIST_KEY_UISupportedInterfaceOrientations_iPad = "UIInterfaceOrientationPortrait UIInterfaceOrientationPortraitUpsideDown UIInterfaceOrientationLandscapeLeft UIInterfaceOrientationLandscapeRight";
				INFOPLIST_KEY_UISupportedInterfaceOrientations_iPhone = "UIInterfaceOrientationPortrait UIInterfaceOrientationLandscapeLeft UIInterfaceOrientationLandscapeRight";
				LD_RUNPATH_SEARCH_PATHS = (
					"$(inherited)",
					"@executable_path/Frameworks",
				);
				MARKETING_VERSION = 1.0;
				PRODUCT_BUNDLE_IDENTIFIER = com.SandroBoka.Endava.StepCounter;
				PRODUCT_NAME = "$(TARGET_NAME)";
				SWIFT_EMIT_LOC_STRINGS = YES;
				SWIFT_VERSION = 5.0;
				TARGETED_DEVICE_FAMILY = "1,2";
			};
			name = Debug;
		};
		900E8D712D02EF4400B62EF0 /* Release */ = {
			isa = XCBuildConfiguration;
			buildSettings = {
				ASSETCATALOG_COMPILER_APPICON_NAME = AppIcon;
				ASSETCATALOG_COMPILER_GLOBAL_ACCENT_COLOR_NAME = AccentColor;
				CODE_SIGN_ENTITLEMENTS = StepCounter/StepCounter.entitlements;
				CODE_SIGN_STYLE = Automatic;
				CURRENT_PROJECT_VERSION = 1;
				DEVELOPMENT_ASSET_PATHS = "\"StepCounter/Preview Content\"";
				DEVELOPMENT_TEAM = UK8C6R7QKR;
				ENABLE_PREVIEWS = YES;
				GENERATE_INFOPLIST_FILE = YES;
				INFOPLIST_FILE = StepCounter/Info.plist;
				INFOPLIST_KEY_NSHealthShareUsageDescription = "We use Health data to display your activity metrics in the app.";
				INFOPLIST_KEY_NSHealthUpdateUsageDescription = "We use Health data to track your step count and activity progress.";
				INFOPLIST_KEY_UIApplicationSupportsIndirectInputEvents = YES;
				INFOPLIST_KEY_UILaunchScreen_Generation = YES;
				INFOPLIST_KEY_UISupportedInterfaceOrientations_iPad = "UIInterfaceOrientationPortrait UIInterfaceOrientationPortraitUpsideDown UIInterfaceOrientationLandscapeLeft UIInterfaceOrientationLandscapeRight";
				INFOPLIST_KEY_UISupportedInterfaceOrientations_iPhone = "UIInterfaceOrientationPortrait UIInterfaceOrientationLandscapeLeft UIInterfaceOrientationLandscapeRight";
				LD_RUNPATH_SEARCH_PATHS = (
					"$(inherited)",
					"@executable_path/Frameworks",
				);
				MARKETING_VERSION = 1.0;
				PRODUCT_BUNDLE_IDENTIFIER = com.SandroBoka.Endava.StepCounter;
				PRODUCT_NAME = "$(TARGET_NAME)";
				SWIFT_EMIT_LOC_STRINGS = YES;
				SWIFT_VERSION = 5.0;
				TARGETED_DEVICE_FAMILY = "1,2";
			};
			name = Release;
		};
		9055373B2D10805C00CEE7F8 /* Debug */ = {
			isa = XCBuildConfiguration;
			buildSettings = {
				ASSETCATALOG_COMPILER_GLOBAL_ACCENT_COLOR_NAME = AccentColor;
				ASSETCATALOG_COMPILER_WIDGET_BACKGROUND_COLOR_NAME = WidgetBackground;
				CODE_SIGN_ENTITLEMENTS = StepCounterWidgetExtension.entitlements;
				CODE_SIGN_STYLE = Automatic;
				CURRENT_PROJECT_VERSION = 1;
				DEVELOPMENT_TEAM = UK8C6R7QKR;
				GENERATE_INFOPLIST_FILE = YES;
				INFOPLIST_FILE = StepCounterWidget/Info.plist;
				INFOPLIST_KEY_CFBundleDisplayName = StepCounterWidget;
				INFOPLIST_KEY_NSHumanReadableCopyright = "";
				IPHONEOS_DEPLOYMENT_TARGET = 18.2;
				LD_RUNPATH_SEARCH_PATHS = (
					"$(inherited)",
					"@executable_path/Frameworks",
					"@executable_path/../../Frameworks",
				);
				MARKETING_VERSION = 1.0;
				PRODUCT_BUNDLE_IDENTIFIER = com.SandroBoka.Endava.StepCounter.StepCounterWidget;
				PRODUCT_NAME = "$(TARGET_NAME)";
				SKIP_INSTALL = YES;
				SWIFT_EMIT_LOC_STRINGS = YES;
				SWIFT_VERSION = 5.0;
				TARGETED_DEVICE_FAMILY = "1,2";
			};
			name = Debug;
		};
		9055373C2D10805C00CEE7F8 /* Release */ = {
			isa = XCBuildConfiguration;
			buildSettings = {
				ASSETCATALOG_COMPILER_GLOBAL_ACCENT_COLOR_NAME = AccentColor;
				ASSETCATALOG_COMPILER_WIDGET_BACKGROUND_COLOR_NAME = WidgetBackground;
				CODE_SIGN_ENTITLEMENTS = StepCounterWidgetExtension.entitlements;
				CODE_SIGN_STYLE = Automatic;
				CURRENT_PROJECT_VERSION = 1;
				DEVELOPMENT_TEAM = UK8C6R7QKR;
				GENERATE_INFOPLIST_FILE = YES;
				INFOPLIST_FILE = StepCounterWidget/Info.plist;
				INFOPLIST_KEY_CFBundleDisplayName = StepCounterWidget;
				INFOPLIST_KEY_NSHumanReadableCopyright = "";
				IPHONEOS_DEPLOYMENT_TARGET = 18.2;
				LD_RUNPATH_SEARCH_PATHS = (
					"$(inherited)",
					"@executable_path/Frameworks",
					"@executable_path/../../Frameworks",
				);
				MARKETING_VERSION = 1.0;
				PRODUCT_BUNDLE_IDENTIFIER = com.SandroBoka.Endava.StepCounter.StepCounterWidget;
				PRODUCT_NAME = "$(TARGET_NAME)";
				SKIP_INSTALL = YES;
				SWIFT_EMIT_LOC_STRINGS = YES;
				SWIFT_VERSION = 5.0;
				TARGETED_DEVICE_FAMILY = "1,2";
			};
			name = Release;
		};
/* End XCBuildConfiguration section */

/* Begin XCConfigurationList section */
		900E8D5C2D02EF3800B62EF0 /* Build configuration list for PBXProject "StepCounter" */ = {
			isa = XCConfigurationList;
			buildConfigurations = (
				900E8D6D2D02EF4400B62EF0 /* Debug */,
				900E8D6E2D02EF4400B62EF0 /* Release */,
			);
			defaultConfigurationIsVisible = 0;
			defaultConfigurationName = Release;
		};
		900E8D6F2D02EF4400B62EF0 /* Build configuration list for PBXNativeTarget "StepCounter" */ = {
			isa = XCConfigurationList;
			buildConfigurations = (
				900E8D702D02EF4400B62EF0 /* Debug */,
				900E8D712D02EF4400B62EF0 /* Release */,
			);
			defaultConfigurationIsVisible = 0;
			defaultConfigurationName = Release;
		};
		9055373A2D10805C00CEE7F8 /* Build configuration list for PBXNativeTarget "StepCounterWidgetExtension" */ = {
			isa = XCConfigurationList;
			buildConfigurations = (
				9055373B2D10805C00CEE7F8 /* Debug */,
				9055373C2D10805C00CEE7F8 /* Release */,
			);
			defaultConfigurationIsVisible = 0;
			defaultConfigurationName = Release;
		};
/* End XCConfigurationList section */

/* Begin XCSwiftPackageProductDependency section */
		9055373F2D10807200CEE7F8 /* Steps */ = {
			isa = XCSwiftPackageProductDependency;
			productName = Steps;
		};
		90CB8F022D072299002A143A /* Steps */ = {
			isa = XCSwiftPackageProductDependency;
			productName = Steps;
		};
/* End XCSwiftPackageProductDependency section */
	};
	rootObject = 900E8D592D02EF3800B62EF0 /* Project object */;
}
